{
  "pins" : [
    {
      "identity" : "swiftykeychainkit",
      "kind" : "remoteSourceControl",
      "location" : "https://github.com/andriyslyusar/SwiftyKeychainKit.git",
      "state" : {
        "branch" : "master",
        "revision" : "f864b84bf570e9b13bacbdbec5133c40ddd75364"
      }
    }
  ],
  "version" : 2
}
